
Microsoft Visual Studio Solution File, Format Version 12.00
# Visual Studio Version 16
VisualStudioVersion = 16.0.31019.35
MinimumVisualStudioVersion = 10.0.40219.1
Project("{FAE04EC0-301F-11D3-BF4B-00C04F79EFBC}") = "CruiseManagement", "CruiseManagement.csproj", "{75AEABFE-509C-48F9-B432-45584B285A7E}"
EndProject
Project("{FAE04EC0-301F-11D3-BF4B-00C04F79EFBC}") = "Passenger.Test", "..\Passenger.Test\Passenger.Test.csproj", "{5CD12501-B1F8-4FD2-A81B-9EEFBB8947B9}"
EndProject
Global
	GlobalSection(SolutionConfigurationPlatforms) = preSolution
		Debug|Any CPU = Debug|Any CPU
		Release|Any CPU = Release|Any CPU
	EndGlobalSection
	GlobalSection(ProjectConfigurationPlatforms) = postSolution
		{75AEABFE-509C-48F9-B432-45584B285A7E}.Debug|Any CPU.ActiveCfg = Debug|Any CPU
		{75AEABFE-509C-48F9-B432-45584B285A7E}.Debug|Any CPU.Build.0 = Debug|Any CPU
		{75AEABFE-509C-48F9-B432-45584B285A7E}.Release|Any CPU.ActiveCfg = Release|Any CPU
		{75AEABFE-509C-48F9-B432-45584B285A7E}.Release|Any CPU.Build.0 = Release|Any CPU
		{5CD12501-B1F8-4FD2-A81B-9EEFBB8947B9}.Debug|Any CPU.ActiveCfg = Debug|Any CPU
		{5CD12501-B1F8-4FD2-A81B-9EEFBB8947B9}.Debug|Any CPU.Build.0 = Debug|Any CPU
		{5CD12501-B1F8-4FD2-A81B-9EEFBB8947B9}.Release|Any CPU.ActiveCfg = Release|Any CPU
		{5CD12501-B1F8-4FD2-A81B-9EEFBB8947B9}.Release|Any CPU.Build.0 = Release|Any CPU
	EndGlobalSection
	GlobalSection(SolutionProperties) = preSolution
		HideSolutionNode = FALSE
	EndGlobalSection
	GlobalSection(ExtensibilityGlobals) = postSolution
		SolutionGuid = {2C6F1820-A412-4B39-979F-29245D19EE37}
	EndGlobalSection
EndGlobal
